// !$*UTF8*$!
{
	archiveVersion = 1;
	classes = {
	};
	objectVersion = 48;
	objects = {

/* Begin PBXBuildFile section */
		32F77B5C1F0C1C1D006950B5 /* AppDelegate.swift in Sources */ = {isa = PBXBuildFile; fileRef = 32F77B5B1F0C1C1D006950B5 /* AppDelegate.swift */; };
		32F77B5E1F0C1C1D006950B5 /* ViewController.swift in Sources */ = {isa = PBXBuildFile; fileRef = 32F77B5D1F0C1C1D006950B5 /* ViewController.swift */; };
		32F77B611F0C1C1D006950B5 /* Main.storyboard in Resources */ = {isa = PBXBuildFile; fileRef = 32F77B5F1F0C1C1D006950B5 /* Main.storyboard */; };
		32F77B631F0C1C1D006950B5 /* Assets.xcassets in Resources */ = {isa = PBXBuildFile; fileRef = 32F77B621F0C1C1D006950B5 /* Assets.xcassets */; };
		32F77B661F0C1C1D006950B5 /* LaunchScreen.storyboard in Resources */ = {isa = PBXBuildFile; fileRef = 32F77B641F0C1C1D006950B5 /* LaunchScreen.storyboard */; };
/* End PBXBuildFile section */

/* Begin PBXFileReference section */
		32F77B581F0C1C1D006950B5 /* CoreMLCatsDemo.app */ = {isa = PBXFileReference; explicitFileType = wrapper.application; includeInIndex = 0; path = CoreMLCatsDemo.app; sourceTree = BUILT_PRODUCTS_DIR; };
		32F77B5B1F0C1C1D006950B5 /* AppDelegate.swift */ = {isa = PBXFileReference; lastKnownFileType = sourcecode.swift; path = AppDelegate.swift; sourceTree = "<group>"; };
		32F77B5D1F0C1C1D006950B5 /* ViewController.swift */ = {isa = PBXFileReference; lastKnownFileType = sourcecode.swift; path = ViewController.swift; sourceTree = "<group>"; };
		32F77B601F0C1C1D006950B5 /* Base */ = {isa = PBXFileReference; lastKnownFileType = file.storyboard; name = Base; path = Base.lproj/Main.storyboard; sourceTree = "<group>"; };
		32F77B621F0C1C1D006950B5 /* Assets.xcassets */ = {isa = PBXFileReference; lastKnownFileType = folder.assetcatalog; path = Assets.xcassets; sourceTree = "<group>"; };
		32F77B651F0C1C1D006950B5 /* Base */ = {isa = PBXFileReference; lastKnownFileType = file.storyboard; name = Base; path = Base.lproj/LaunchScreen.storyboard; sourceTree = "<group>"; };
		32F77B671F0C1C1D006950B5 /* Info.plist */ = {isa = PBXFileReference; lastKnownFileType = text.plist.xml; path = Info.plist; sourceTree = "<group>"; };
/* End PBXFileReference section */

/* Begin PBXFrameworksBuildPhase section */
		32F77B551F0C1C1D006950B5 /* Frameworks */ = {
			isa = PBXFrameworksBuildPhase;
			buildActionMask = 2147483647;
			files = (
			);
			runOnlyForDeploymentPostprocessing = 0;
		};
/* End PBXFrameworksBuildPhase section */

/* Begin PBXGroup section */
		32F77B4F1F0C1C1D006950B5 = {
			isa = PBXGroup;
			children = (
				32F77B5A1F0C1C1D006950B5 /* CoreMLCatsDemo */,
				32F77B591F0C1C1D006950B5 /* Products */,
			);
			sourceTree = "<group>";
		};
		32F77B591F0C1C1D006950B5 /* Products */ = {
			isa = PBXGroup;
			children = (
				32F77B581F0C1C1D006950B5 /* CoreMLCatsDemo.app */,
			);
			name = Products;
			sourceTree = "<group>";
		};
		32F77B5A1F0C1C1D006950B5 /* CoreMLCatsDemo */ = {
			isa = PBXGroup;
			children = (
				32F77B5B1F0C1C1D006950B5 /* AppDelegate.swift */,
				32F77B5D1F0C1C1D006950B5 /* ViewController.swift */,
				32F77B5F1F0C1C1D006950B5 /* Main.storyboard */,
				32F77B621F0C1C1D006950B5 /* Assets.xcassets */,
				32F77B641F0C1C1D006950B5 /* LaunchScreen.storyboard */,
				32F77B671F0C1C1D006950B5 /* Info.plist */,
			);
			path = CoreMLCatsDemo;
			sourceTree = "<group>";
		};
/* End PBXGroup section */

/* Begin PBXNativeTarget section */
		32F77B571F0C1C1D006950B5 /* CoreMLCatsDemo */ = {
			isa = PBXNativeTarget;
			buildConfigurationList = 32F77B6A1F0C1C1D006950B5 /* Build configuration list for PBXNativeTarget "CoreMLCatsDemo" */;
			buildPhases = (
				32F77B541F0C1C1D006950B5 /* Sources */,
				32F77B551F0C1C1D006950B5 /* Frameworks */,
				32F77B561F0C1C1D006950B5 /* Resources */,
			);
			buildRules = (
			);
			dependencies = (
			);
			name = CoreMLCatsDemo;
			productName = CoreMLCatsDemo;
			productReference = 32F77B581F0C1C1D006950B5 /* CoreMLCatsDemo.app */;
			productType = "com.apple.product-type.application";
		};
/* End PBXNativeTarget section */

/* Begin PBXProject section */
		32F77B501F0C1C1D006950B5 /* Project object */ = {
			isa = PBXProject;
			attributes = {
				LastSwiftUpdateCheck = 0900;
				LastUpgradeCheck = 0900;
				ORGANIZATIONNAME = "Dmitriy Rozov";
				TargetAttributes = {
					32F77B571F0C1C1D006950B5 = {
						CreatedOnToolsVersion = 9.0;
						ProvisioningStyle = Manual;
					};
				};
			};
			buildConfigurationList = 32F77B531F0C1C1D006950B5 /* Build configuration list for PBXProject "CoreMLCatsDemo" */;
			compatibilityVersion = "Xcode 8.0";
			developmentRegion = en;
			hasScannedForEncodings = 0;
			knownRegions = (
				en,
				Base,
			);
			mainGroup = 32F77B4F1F0C1C1D006950B5;
			productRefGroup = 32F77B591F0C1C1D006950B5 /* Products */;
			projectDirPath = "";
			projectRoot = "";
			targets = (
				32F77B571F0C1C1D006950B5 /* CoreMLCatsDemo */,
			);
		};
/* End PBXProject section */

/* Begin PBXResourcesBuildPhase section */
		32F77B561F0C1C1D006950B5 /* Resources */ = {
			isa = PBXResourcesBuildPhase;
			buildActionMask = 2147483647;
			files = (
				32F77B661F0C1C1D006950B5 /* LaunchScreen.storyboard in Resources */,
				32F77B631F0C1C1D006950B5 /* Assets.xcassets in Resources */,
				32F77B611F0C1C1D006950B5 /* Main.storyboard in Resources */,
			);
			runOnlyForDeploymentPostprocessing = 0;
		};
/* End PBXResourcesBuildPhase section */

/* Begin PBXSourcesBuildPhase section */
		32F77B541F0C1C1D006950B5 /* Sources */ = {
			isa = PBXSourcesBuildPhase;
			buildActionMask = 2147483647;
			files = (
				32F77B5E1F0C1C1D006950B5 /* ViewController.swift in Sources */,
				32F77B5C1F0C1C1D006950B5 /* AppDelegate.swift in Sources */,
			);
			runOnlyForDeploymentPostprocessing = 0;
		};
/* End PBXSourcesBuildPhase section */

/* Begin PBXVariantGroup section */
		32F77B5F1F0C1C1D006950B5 /* Main.storyboard */ = {
			isa = PBXVariantGroup;
			children = (
				32F77B601F0C1C1D006950B5 /* Base */,
			);
			name = Main.storyboard;
			sourceTree = "<group>";
		};
		32F77B641F0C1C1D006950B5 /* LaunchScreen.storyboard */ = {
			isa = PBXVariantGroup;
			children = (
				32F77B651F0C1C1D006950B5 /* Base */,
			);
			name = LaunchScreen.storyboard;
			sourceTree = "<group>";
		};
/* End PBXVariantGroup section */

/* Begin XCBuildConfiguration section */
		32F77B681F0C1C1D006950B5 /* Debug */ = {
			isa = XCBuildConfiguration;
			buildSettings = {
				ALWAYS_SEARCH_USER_PATHS = NO;
				CLANG_ANALYZER_NONNULL = YES;
				CLANG_ANALYZER_NUMBER_OBJECT_CONVERSION = YES_AGGRESSIVE;
				CLANG_CXX_LANGUAGE_STANDARD = "gnu++14";
				CLANG_CXX_LIBRARY = "libc++";
				CLANG_ENABLE_MODULES = YES;
				CLANG_ENABLE_OBJC_ARC = YES;
				CLANG_WARN_BLOCK_CAPTURE_AUTORELEASING = YES;
				CLANG_WARN_BOOL_CONVERSION = YES;
				CLANG_WARN_COMMA = YES;
				CLANG_WARN_CONSTANT_CONVERSION = YES;
				CLANG_WARN_DIRECT_OBJC_ISA_USAGE = YES_ERROR;
				CLANG_WARN_DOCUMENTATION_COMMENTS = YES;
				CLANG_WARN_EMPTY_BODY = YES;
				CLANG_WARN_ENUM_CONVERSION = YES;
				CLANG_WARN_INFINITE_RECURSION = YES;
				CLANG_WARN_INT_CONVERSION = YES;
				CLANG_WARN_OBJC_ROOT_CLASS = YES_ERROR;
				CLANG_WARN_RANGE_LOOP_ANALYSIS = YES;
				CLANG_WARN_STRICT_PROTOTYPES = YES;
				CLANG_WARN_SUSPICIOUS_MOVE = YES;
				CLANG_WARN_UNGUARDED_AVAILABILITY = YES_AGGRESSIVE;
				CLANG_WARN_UNREACHABLE_CODE = YES;
				CLANG_WARN__DUPLICATE_METHOD_MATCH = YES;
				CODE_SIGN_IDENTITY = "iPhone Developer";
				COPY_PHASE_STRIP = NO;
				DEBUG_INFORMATION_FORMAT = dwarf;
				ENABLE_STRICT_OBJC_MSGSEND = YES;
				ENABLE_TESTABILITY = YES;
				GCC_C_LANGUAGE_STANDARD = gnu11;
				GCC_DYNAMIC_NO_PIC = NO;
				GCC_NO_COMMON_BLOCKS = YES;
				GCC_OPTIMIZATION_LEVEL = 0;
				GCC_PREPROCESSOR_DEFINITIONS = (
					"DEBUG=1",
					"$(inherited)",
				);
				GCC_WARN_64_TO_32_BIT_CONVERSION = YES;
				GCC_WARN_ABOUT_RETURN_TYPE = YES_ERROR;
				GCC_WARN_UNDECLARED_SELECTOR = YES;
				GCC_WARN_UNINITIALIZED_AUTOS = YES_AGGRESSIVE;
				GCC_WARN_UNUSED_FUNCTION = YES;
				GCC_WARN_UNUSED_VARIABLE = YES;
				IPHONEOS_DEPLOYMENT_TARGET = 11.0;
				MTL_ENABLE_DEBUG_INFO = YES;
				ONLY_ACTIVE_ARCH = YES;
				SDKROOT = iphoneos;
				SWIFT_ACTIVE_COMPILATION_CONDITIONS = DEBUG;
				SWIFT_OPTIMIZATION_LEVEL = "-Onone";
			};
			name = Debug;
		};
		32F77B691F0C1C1D006950B5 /* Release */ = {
			isa = XCBuildConfiguration;
			buildSettings = {
				ALWAYS_SEARCH_USER_PATHS = NO;
				CLANG_ANALYZER_NONNULL = YES;
				CLANG_ANALYZER_NUMBER_OBJECT_CONVERSION = YES_AGGRESSIVE;
				CLANG_CXX_LANGUAGE_STANDARD = "gnu++14";
				CLANG_CXX_LIBRARY = "libc++";
				CLANG_ENABLE_MODULES = YES;
				CLANG_ENABLE_OBJC_ARC = YES;
				CLANG_WARN_BLOCK_CAPTURE_AUTORELEASING = YES;
				CLANG_WARN_BOOL_CONVERSION = YES;
				CLANG_WARN_COMMA = YES;
				CLANG_WARN_CONSTANT_CONVERSION = YES;
				CLANG_WARN_DIRECT_OBJC_ISA_USAGE = YES_ERROR;
				CLANG_WARN_DOCUMENTATION_COMMENTS = YES;
				CLANG_WARN_EMPTY_BODY = YES;
				CLANG_WARN_ENUM_CONVERSION = YES;
				CLANG_WARN_INFINITE_RECURSION = YES;
				CLANG_WARN_INT_CONVERSION = YES;
				CLANG_WARN_OBJC_ROOT_CLASS = YES_ERROR;
				CLANG_WARN_RANGE_LOOP_ANALYSIS = YES;
				CLANG_WARN_STRICT_PROTOTYPES = YES;
				CLANG_WARN_SUSPICIOUS_MOVE = YES;
				CLANG_WARN_UNGUARDED_AVAILABILITY = YES_AGGRESSIVE;
				CLANG_WARN_UNREACHABLE_CODE = YES;
				CLANG_WARN__DUPLICATE_METHOD_MATCH = YES;
				CODE_SIGN_IDENTITY = "iPhone Developer";
				COPY_PHASE_STRIP = NO;
				DEBUG_INFORMATION_FORMAT = "dwarf-with-dsym";
				ENABLE_NS_ASSERTIONS = NO;
				ENABLE_STRICT_OBJC_MSGSEND = YES;
				GCC_C_LANGUAGE_STANDARD = gnu11;
				GCC_NO_COMMON_BLOCKS = YES;
				GCC_WARN_64_TO_32_BIT_CONVERSION = YES;
				GCC_WARN_ABOUT_RETURN_TYPE = YES_ERROR;
				GCC_WARN_UNDECLARED_SELECTOR = YES;
				GCC_WARN_UNINITIALIZED_AUTOS = YES_AGGRESSIVE;
				GCC_WARN_UNUSED_FUNCTION = YES;
				GCC_WARN_UNUSED_VARIABLE = YES;
				IPHONEOS_DEPLOYMENT_TARGET = 11.0;
				MTL_ENABLE_DEBUG_INFO = NO;
				SDKROOT = iphoneos;
				SWIFT_OPTIMIZATION_LEVEL = "-Owholemodule";
				VALIDATE_PRODUCT = YES;
			};
			name = Release;
		};
		32F77B6B1F0C1C1D006950B5 /* Debug */ = {
			isa = XCBuildConfiguration;
			buildSettings = {
				ASSETCATALOG_COMPILER_APPICON_NAME = AppIcon;
				"CODE_SIGN_IDENTITY[sdk=iphoneos*]" = "iPhone Developer";
				CODE_SIGN_STYLE = Manual;
				DEVELOPMENT_TEAM = "";
				INFOPLIST_FILE = CoreMLCatsDemo/Info.plist;
				LD_RUNPATH_SEARCH_PATHS = "$(inherited) @executable_path/Frameworks";
				PRODUCT_BUNDLE_IDENTIFIER = me.dmrozov.CoreMLCatsDemo;
				PRODUCT_NAME = "$(TARGET_NAME)";
				PROVISIONING_PROFILE_SPECIFIER = "";
				SWIFT_VERSION = 4.0;
				TARGETED_DEVICE_FAMILY = "1,2";
			};
			name = Debug;
		};
		32F77B6C1F0C1C1D006950B5 /* Release */ = {
			isa = XCBuildConfiguration;
			buildSettings = {
				ASSETCATALOG_COMPILER_APPICON_NAME = AppIcon;
				"CODE_SIGN_IDENTITY[sdk=iphoneos*]" = "iPhone Developer";
				CODE_SIGN_STYLE = Manual;
				DEVELOPMENT_TEAM = "";
				INFOPLIST_FILE = CoreMLCatsDemo/Info.plist;
				LD_RUNPATH_SEARCH_PATHS = "$(inherited) @executable_path/Frameworks";
				PRODUCT_BUNDLE_IDENTIFIER = me.dmrozov.CoreMLCatsDemo;
				PRODUCT_NAME = "$(TARGET_NAME)";
				PROVISIONING_PROFILE_SPECIFIER = "";
				SWIFT_VERSION = 4.0;
				TARGETED_DEVICE_FAMILY = "1,2";
			};
			name = Release;
		};
/* End XCBuildConfiguration section */

/* Begin XCConfigurationList section */
		32F77B531F0C1C1D006950B5 /* Build configuration list for PBXProject "CoreMLCatsDemo" */ = {
			isa = XCConfigurationList;
			buildConfigurations = (
				32F77B681F0C1C1D006950B5 /* Debug */,
				32F77B691F0C1C1D006950B5 /* Release */,
			);
			defaultConfigurationIsVisible = 0;
			defaultConfigurationName = Release;
		};
		32F77B6A1F0C1C1D006950B5 /* Build configuration list for PBXNativeTarget "CoreMLCatsDemo" */ = {
			isa = XCConfigurationList;
			buildConfigurations = (
				32F77B6B1F0C1C1D006950B5 /* Debug */,
				32F77B6C1F0C1C1D006950B5 /* Release */,
			);
			defaultConfigurationIsVisible = 0;
			defaultConfigurationName = Release;
		};
/* End XCConfigurationList section */
	};
	rootObject = 32F77B501F0C1C1D006950B5 /* Project object */;
}
